
Microsoft Visual Studio Solution File, Format Version 12.00
# Visual Studio Version 17
VisualStudioVersion = 17.14.36109.1
MinimumVisualStudioVersion = 10.0.40219.1
Project("{FAE04EC0-301F-11D3-BF4B-00C04F79EFBC}") = "CareNest_Shop", "CareNest_Shop\CareNest_Shop.csproj", "{D45FD447-63E2-49AF-893C-B942BA264DE5}"
EndProject
Project("{FAE04EC0-301F-11D3-BF4B-00C04F79EFBC}") = "Shop.Domain", "Shop.Domain\Shop.Domain.csproj", "{9708A63A-53CF-4DE5-82D2-F44FA5B4E1C7}"
EndProject
Project("{FAE04EC0-301F-11D3-BF4B-00C04F79EFBC}") = "Shop.Infrastructure", "Shop.Infrastructure\Shop.Infrastructure.csproj", "{5D1BDFB7-F76E-49DD-B95B-6E0D78151727}"
EndProject
Project("{FAE04EC0-301F-11D3-BF4B-00C04F79EFBC}") = "Shop.Application", "Shop.Application\Shop.Application.csproj", "{3563C9F5-225F-4113-9361-1F82F91745B3}"
EndProject
Project("{FAE04EC0-301F-11D3-BF4B-00C04F79EFBC}") = "Shared", "Shared\Shared.csproj", "{41601FCF-7FE9-48BF-B15B-40DB07020AC0}"
EndProject
Global
	GlobalSection(SolutionConfigurationPlatforms) = preSolution
		Debug|Any CPU = Debug|Any CPU
		Release|Any CPU = Release|Any CPU
	EndGlobalSection
	GlobalSection(ProjectConfigurationPlatforms) = postSolution
		{D45FD447-63E2-49AF-893C-B942BA264DE5}.Debug|Any CPU.ActiveCfg = Debug|Any CPU
		{D45FD447-63E2-49AF-893C-B942BA264DE5}.Debug|Any CPU.Build.0 = Debug|Any CPU
		{D45FD447-63E2-49AF-893C-B942BA264DE5}.Release|Any CPU.ActiveCfg = Release|Any CPU
		{D45FD447-63E2-49AF-893C-B942BA264DE5}.Release|Any CPU.Build.0 = Release|Any CPU
		{9708A63A-53CF-4DE5-82D2-F44FA5B4E1C7}.Debug|Any CPU.ActiveCfg = Debug|Any CPU
		{9708A63A-53CF-4DE5-82D2-F44FA5B4E1C7}.Debug|Any CPU.Build.0 = Debug|Any CPU
		{9708A63A-53CF-4DE5-82D2-F44FA5B4E1C7}.Release|Any CPU.ActiveCfg = Release|Any CPU
		{9708A63A-53CF-4DE5-82D2-F44FA5B4E1C7}.Release|Any CPU.Build.0 = Release|Any CPU
		{5D1BDFB7-F76E-49DD-B95B-6E0D78151727}.Debug|Any CPU.ActiveCfg = Debug|Any CPU
		{5D1BDFB7-F76E-49DD-B95B-6E0D78151727}.Debug|Any CPU.Build.0 = Debug|Any CPU
		{5D1BDFB7-F76E-49DD-B95B-6E0D78151727}.Release|Any CPU.ActiveCfg = Release|Any CPU
		{5D1BDFB7-F76E-49DD-B95B-6E0D78151727}.Release|Any CPU.Build.0 = Release|Any CPU
		{3563C9F5-225F-4113-9361-1F82F91745B3}.Debug|Any CPU.ActiveCfg = Debug|Any CPU
		{3563C9F5-225F-4113-9361-1F82F91745B3}.Debug|Any CPU.Build.0 = Debug|Any CPU
		{3563C9F5-225F-4113-9361-1F82F91745B3}.Release|Any CPU.ActiveCfg = Release|Any CPU
		{3563C9F5-225F-4113-9361-1F82F91745B3}.Release|Any CPU.Build.0 = Release|Any CPU
		{41601FCF-7FE9-48BF-B15B-40DB07020AC0}.Debug|Any CPU.ActiveCfg = Debug|Any CPU
		{41601FCF-7FE9-48BF-B15B-40DB07020AC0}.Debug|Any CPU.Build.0 = Debug|Any CPU
		{41601FCF-7FE9-48BF-B15B-40DB07020AC0}.Release|Any CPU.ActiveCfg = Release|Any CPU
		{41601FCF-7FE9-48BF-B15B-40DB07020AC0}.Release|Any CPU.Build.0 = Release|Any CPU
	EndGlobalSection
	GlobalSection(SolutionProperties) = preSolution
		HideSolutionNode = FALSE
	EndGlobalSection
	GlobalSection(ExtensibilityGlobals) = postSolution
		SolutionGuid = {41552D8C-F5CA-4C25-A411-FF3F6DCECFEE}
	EndGlobalSection
EndGlobal
